{
  "nodes": {
    "markdown": {
      "inputs": {
        "nix-github-actions": "nix-github-actions",
        "nixpkgs": [
          "nixpkgs"
        ]
      },
      "locked": {
        "lastModified": 1720872063,
        "narHash": "sha256-cZ1E3aWoUoe03FFPqR1V65E4j0ylRbDUKZxD43GoIZc=",
        "owner": "JanotLeLapin",
        "repo": "markdown",
        "rev": "84e4ee1d1ad956af428fe104bb895d0482805557",
        "type": "github"
      },
      "original": {
        "owner": "JanotLeLapin",
        "repo": "markdown",
        "type": "github"
      }
    },
    "nix-github-actions": {
      "inputs": {
        "nixpkgs": [
          "markdown",
          "nixpkgs"
        ]
      },
      "locked": {
        "lastModified": 1720066371,
        "narHash": "sha256-uPlLYH2S0ACj0IcgaK9Lsf4spmJoGejR9DotXiXSBZQ=",
        "owner": "nix-community",
        "repo": "nix-github-actions",
        "rev": "622f829f5fe69310a866c8a6cd07e747c44ef820",
        "type": "github"
      },
      "original": {
        "owner": "nix-community",
        "repo": "nix-github-actions",
        "type": "github"
      }
    },
    "nix-github-actions_2": {
      "inputs": {
        "nixpkgs": [
          "nixpkgs"
        ]
      },
      "locked": {
        "lastModified": 1720066371,
        "narHash": "sha256-uPlLYH2S0ACj0IcgaK9Lsf4spmJoGejR9DotXiXSBZQ=",
        "owner": "nix-community",
        "repo": "nix-github-actions",
        "rev": "622f829f5fe69310a866c8a6cd07e747c44ef820",
        "type": "github"
      },
      "original": {
        "owner": "nix-community",
        "repo": "nix-github-actions",
        "type": "github"
      }
    },
    "nixpkgs": {
      "locked": {
        "lastModified": 1720870147,
        "narHash": "sha256-pnDT4V/rqfkPgGag6D6huzwviKBeuf9wm6I34+1+Lqc=",
        "owner": "NixOS",
        "repo": "nixpkgs",
        "rev": "73e9892e71e85a876db23ce49564e67782611472",
        "type": "github"
      },
      "original": {
        "owner": "NixOS",
        "repo": "nixpkgs",
        "type": "github"
      }
    },
    "root": {
      "inputs": {
        "markdown": "markdown",
        "nix-github-actions": "nix-github-actions_2",
        "nixpkgs": "nixpkgs"
      }
    }
  },
  "root": "root",
  "version": 7
}
